
Microsoft Visual Studio Solution File, Format Version 12.00
# Visual Studio Version 17
VisualStudioVersion = 17.5.002.0
MinimumVisualStudioVersion = 10.0.40219.1
Project("{9A19103F-16F7-4668-BE54-9A1E7A4F7556}") = "TodoListApi", "TodoListApi.csproj", "{4D5C20A8-86D1-4181-85FE-740EA0963BB5}"
EndProject
Global
	GlobalSection(SolutionConfigurationPlatforms) = preSolution
		Debug|Any CPU = Debug|Any CPU
		Release|Any CPU = Release|Any CPU
	EndGlobalSection
	GlobalSection(ProjectConfigurationPlatforms) = postSolution
		{4D5C20A8-86D1-4181-85FE-740EA0963BB5}.Debug|Any CPU.ActiveCfg = Debug|Any CPU
		{4D5C20A8-86D1-4181-85FE-740EA0963BB5}.Debug|Any CPU.Build.0 = Debug|Any CPU
		{4D5C20A8-86D1-4181-85FE-740EA0963BB5}.Release|Any CPU.ActiveCfg = Release|Any CPU
		{4D5C20A8-86D1-4181-85FE-740EA0963BB5}.Release|Any CPU.Build.0 = Release|Any CPU
	EndGlobalSection
	GlobalSection(SolutionProperties) = preSolution
		HideSolutionNode = FALSE
	EndGlobalSection
	GlobalSection(ExtensibilityGlobals) = postSolution
		SolutionGuid = {BEB13398-862E-423B-BAB9-F48D52EEF1B5}
	EndGlobalSection
EndGlobal
